
Microsoft Visual Studio Solution File, Format Version 12.00
# Visual Studio Version 17
VisualStudioVersion = 17.1.32328.378
MinimumVisualStudioVersion = 10.0.40219.1
Project("{8BC9CEB8-8B4A-11D0-8D11-00A0C91BC942}") = "Assignment3", "Assignment3\Assignment3.vcxproj", "{B87DC3AC-E1B2-4984-B002-28BC1D974438}"
EndProject
Global
	GlobalSection(SolutionConfigurationPlatforms) = preSolution
		Debug|x64 = Debug|x64
		Debug|x86 = Debug|x86
		Release|x64 = Release|x64
		Release|x86 = Release|x86
	EndGlobalSection
	GlobalSection(ProjectConfigurationPlatforms) = postSolution
		{B87DC3AC-E1B2-4984-B002-28BC1D974438}.Debug|x64.ActiveCfg = Debug|x64
		{B87DC3AC-E1B2-4984-B002-28BC1D974438}.Debug|x64.Build.0 = Debug|x64
		{B87DC3AC-E1B2-4984-B002-28BC1D974438}.Debug|x86.ActiveCfg = Debug|Win32
		{B87DC3AC-E1B2-4984-B002-28BC1D974438}.Debug|x86.Build.0 = Debug|Win32
		{B87DC3AC-E1B2-4984-B002-28BC1D974438}.Release|x64.ActiveCfg = Release|x64
		{B87DC3AC-E1B2-4984-B002-28BC1D974438}.Release|x64.Build.0 = Release|x64
		{B87DC3AC-E1B2-4984-B002-28BC1D974438}.Release|x86.ActiveCfg = Release|Win32
		{B87DC3AC-E1B2-4984-B002-28BC1D974438}.Release|x86.Build.0 = Release|Win32
	EndGlobalSection
	GlobalSection(SolutionProperties) = preSolution
		HideSolutionNode = FALSE
	EndGlobalSection
	GlobalSection(ExtensibilityGlobals) = postSolution
		SolutionGuid = {9244C88D-21FE-44CA-96BA-4BBBBC410C87}
	EndGlobalSection
EndGlobal
